
Microsoft Visual Studio Solution File, Format Version 12.00
# Visual Studio Version 17
VisualStudioVersion = 17.5.002.0
MinimumVisualStudioVersion = 10.0.40219.1
Project("{9A19103F-16F7-4668-BE54-9A1E7A4F7556}") = "projet", "projet.csproj", "{9202C042-F067-4005-B829-332A1DB7A404}"
EndProject
Global
	GlobalSection(SolutionConfigurationPlatforms) = preSolution
		Debug|Any CPU = Debug|Any CPU
		Release|Any CPU = Release|Any CPU
	EndGlobalSection
	GlobalSection(ProjectConfigurationPlatforms) = postSolution
		{9202C042-F067-4005-B829-332A1DB7A404}.Debug|Any CPU.ActiveCfg = Debug|Any CPU
		{9202C042-F067-4005-B829-332A1DB7A404}.Debug|Any CPU.Build.0 = Debug|Any CPU
		{9202C042-F067-4005-B829-332A1DB7A404}.Release|Any CPU.ActiveCfg = Release|Any CPU
		{9202C042-F067-4005-B829-332A1DB7A404}.Release|Any CPU.Build.0 = Release|Any CPU
	EndGlobalSection
	GlobalSection(SolutionProperties) = preSolution
		HideSolutionNode = FALSE
	EndGlobalSection
	GlobalSection(ExtensibilityGlobals) = postSolution
		SolutionGuid = {5203B493-C972-47C3-85DF-0D13827448BD}
	EndGlobalSection
EndGlobal
